
Microsoft Visual Studio Solution File, Format Version 12.00
# Visual Studio Version 16
VisualStudioVersion = 16.0.29418.71
MinimumVisualStudioVersion = 10.0.40219.1
Project("{9A19103F-16F7-4668-BE54-9A1E7A4F7556}") = "TcpWireProtocol", "TcpWireProtocol\TcpWireProtocol.csproj", "{AA8F3327-6BC9-4809-A7AD-887BD99FAC97}"
EndProject
Project("{FAE04EC0-301F-11D3-BF4B-00C04F79EFBC}") = "TcpWireProtocol.Tests", "TcpWireProtocol.Tests\TcpWireProtocol.Tests.csproj", "{85DC7018-8ED2-4A49-8434-FA2CEF91E5A5}"
EndProject
Project("{2150E333-8FDC-42A3-9474-1A3956D46DE8}") = "TcpWireProtocol.Samples", "TcpWireProtocol.Samples", "{1CF4DCD6-1BB2-B486-BF33-8EE28CDDD119}"
EndProject
Project("{2150E333-8FDC-42A3-9474-1A3956D46DE8}") = "Common", "Common", "{79DAB21E-1BE3-83A8-08EB-9FEA5E2B7230}"
EndProject
Project("{FAE04EC0-301F-11D3-BF4B-00C04F79EFBC}") = "TcpWireProtocol.Samples.Common", "TcpWireProtocol.Samples\Common\TcpWireProtocol.Samples.Common.csproj", "{57F3D859-AF1C-412A-BD81-8DD4939BBB75}"
EndProject
Project("{2150E333-8FDC-42A3-9474-1A3956D46DE8}") = "01-Echo", "01-Echo", "{D4B41420-3BF7-FA64-D424-60B5D70C90A5}"
EndProject
Project("{2150E333-8FDC-42A3-9474-1A3956D46DE8}") = "Server", "Server", "{ED704C6F-6BDD-030D-7D0B-90F81C8D120C}"
EndProject
Project("{FAE04EC0-301F-11D3-BF4B-00C04F79EFBC}") = "TcpWireProtocol.Samples.Echo.Server", "TcpWireProtocol.Samples\01-Echo\Server\TcpWireProtocol.Samples.Echo.Server.csproj", "{2FA0B442-3324-4447-977F-778C8F9BB3E8}"
EndProject
Project("{2150E333-8FDC-42A3-9474-1A3956D46DE8}") = "Client", "Client", "{625FB91F-A765-D49C-17F6-CAAAD72E3D64}"
EndProject
Project("{FAE04EC0-301F-11D3-BF4B-00C04F79EFBC}") = "TcpWireProtocol.Samples.Echo.Client", "TcpWireProtocol.Samples\01-Echo\Client\TcpWireProtocol.Samples.Echo.Client.csproj", "{1A0C8745-7B11-4CF0-A199-560342E24992}"
EndProject
Project("{2150E333-8FDC-42A3-9474-1A3956D46DE8}") = "02-Protobuf", "02-Protobuf", "{5AAA0D30-A846-2A08-1551-419D42EFA440}"
EndProject
Project("{2150E333-8FDC-42A3-9474-1A3956D46DE8}") = "Contracts", "Contracts", "{E7565E76-653F-429B-7BCB-AA8315971C02}"
EndProject
Project("{FAE04EC0-301F-11D3-BF4B-00C04F79EFBC}") = "TcpWireProtocol.Samples.Protobuf.Contracts", "TcpWireProtocol.Samples\02-Protobuf\Contracts\TcpWireProtocol.Samples.Protobuf.Contracts.csproj", "{2D74D4BC-8CC1-4FD6-9972-25E072FC2A39}"
EndProject
Project("{2150E333-8FDC-42A3-9474-1A3956D46DE8}") = "Server", "Server", "{0816E322-5627-87E1-5C38-40A08FAD49F2}"
EndProject
Project("{FAE04EC0-301F-11D3-BF4B-00C04F79EFBC}") = "TcpWireProtocol.Samples.Protobuf.Server", "TcpWireProtocol.Samples\02-Protobuf\Server\TcpWireProtocol.Samples.Protobuf.Server.csproj", "{DD923FE3-ABE1-4623-8709-31FB0AA8E3FA}"
EndProject
Project("{2150E333-8FDC-42A3-9474-1A3956D46DE8}") = "Client", "Client", "{8CF8DE3A-F8DE-892B-2A85-19A05FFF0E75}"
EndProject
Project("{FAE04EC0-301F-11D3-BF4B-00C04F79EFBC}") = "TcpWireProtocol.Samples.Protobuf.Client", "TcpWireProtocol.Samples\02-Protobuf\Client\TcpWireProtocol.Samples.Protobuf.Client.csproj", "{97C1A253-9531-48F4-903D-A762121CD538}"
EndProject
Project("{2150E333-8FDC-42A3-9474-1A3956D46DE8}") = "03-Rpc", "03-Rpc", "{92FED7E2-AFEF-86DB-02A7-849144ABDCF7}"
EndProject
Project("{2150E333-8FDC-42A3-9474-1A3956D46DE8}") = "Contracts", "Contracts", "{75513DD6-205C-61A2-9877-AE33C6C792A5}"
EndProject
Project("{FAE04EC0-301F-11D3-BF4B-00C04F79EFBC}") = "TcpWireProtocol.Samples.Rpc.Contracts", "TcpWireProtocol.Samples\03-Rpc\Contracts\TcpWireProtocol.Samples.Rpc.Contracts.csproj", "{9F33D843-169E-486A-BA25-5A885194F14C}"
EndProject
Project("{2150E333-8FDC-42A3-9474-1A3956D46DE8}") = "Server", "Server", "{AF25785D-015A-B8A6-03F2-3391E0023E78}"
EndProject
Project("{FAE04EC0-301F-11D3-BF4B-00C04F79EFBC}") = "TcpWireProtocol.Samples.Rpc.Server", "TcpWireProtocol.Samples\03-Rpc\Server\TcpWireProtocol.Samples.Rpc.Server.csproj", "{453B6D9B-0C8B-4D8D-A708-F625EAB3DC5D}"
EndProject
Project("{2150E333-8FDC-42A3-9474-1A3956D46DE8}") = "Client", "Client", "{954F795E-2C0F-BDF7-063D-F0BD18D8F75C}"
EndProject
Project("{FAE04EC0-301F-11D3-BF4B-00C04F79EFBC}") = "TcpWireProtocol.Samples.Rpc.Client", "TcpWireProtocol.Samples\03-Rpc\Client\TcpWireProtocol.Samples.Rpc.Client.csproj", "{9279C0E8-4CCC-4A3E-9D00-5F39D6015270}"
EndProject
Global
	GlobalSection(SolutionConfigurationPlatforms) = preSolution
		Debug|Any CPU = Debug|Any CPU
		Debug|x64 = Debug|x64
		Debug|x86 = Debug|x86
		Release|Any CPU = Release|Any CPU
		Release|x64 = Release|x64
		Release|x86 = Release|x86
	EndGlobalSection
	GlobalSection(ProjectConfigurationPlatforms) = postSolution
		{AA8F3327-6BC9-4809-A7AD-887BD99FAC97}.Debug|Any CPU.ActiveCfg = Debug|Any CPU
		{AA8F3327-6BC9-4809-A7AD-887BD99FAC97}.Debug|Any CPU.Build.0 = Debug|Any CPU
		{AA8F3327-6BC9-4809-A7AD-887BD99FAC97}.Debug|x64.ActiveCfg = Debug|Any CPU
		{AA8F3327-6BC9-4809-A7AD-887BD99FAC97}.Debug|x64.Build.0 = Debug|Any CPU
		{AA8F3327-6BC9-4809-A7AD-887BD99FAC97}.Debug|x86.ActiveCfg = Debug|Any CPU
		{AA8F3327-6BC9-4809-A7AD-887BD99FAC97}.Debug|x86.Build.0 = Debug|Any CPU
		{AA8F3327-6BC9-4809-A7AD-887BD99FAC97}.Release|Any CPU.ActiveCfg = Release|Any CPU
		{AA8F3327-6BC9-4809-A7AD-887BD99FAC97}.Release|Any CPU.Build.0 = Release|Any CPU
		{AA8F3327-6BC9-4809-A7AD-887BD99FAC97}.Release|x64.ActiveCfg = Release|Any CPU
		{AA8F3327-6BC9-4809-A7AD-887BD99FAC97}.Release|x64.Build.0 = Release|Any CPU
		{AA8F3327-6BC9-4809-A7AD-887BD99FAC97}.Release|x86.ActiveCfg = Release|Any CPU
		{AA8F3327-6BC9-4809-A7AD-887BD99FAC97}.Release|x86.Build.0 = Release|Any CPU
		{85DC7018-8ED2-4A49-8434-FA2CEF91E5A5}.Debug|Any CPU.ActiveCfg = Debug|Any CPU
		{85DC7018-8ED2-4A49-8434-FA2CEF91E5A5}.Debug|Any CPU.Build.0 = Debug|Any CPU
		{85DC7018-8ED2-4A49-8434-FA2CEF91E5A5}.Debug|x64.ActiveCfg = Debug|Any CPU
		{85DC7018-8ED2-4A49-8434-FA2CEF91E5A5}.Debug|x64.Build.0 = Debug|Any CPU
		{85DC7018-8ED2-4A49-8434-FA2CEF91E5A5}.Debug|x86.ActiveCfg = Debug|Any CPU
		{85DC7018-8ED2-4A49-8434-FA2CEF91E5A5}.Debug|x86.Build.0 = Debug|Any CPU
		{85DC7018-8ED2-4A49-8434-FA2CEF91E5A5}.Release|Any CPU.ActiveCfg = Release|Any CPU
		{85DC7018-8ED2-4A49-8434-FA2CEF91E5A5}.Release|Any CPU.Build.0 = Release|Any CPU
		{85DC7018-8ED2-4A49-8434-FA2CEF91E5A5}.Release|x64.ActiveCfg = Release|Any CPU
		{85DC7018-8ED2-4A49-8434-FA2CEF91E5A5}.Release|x64.Build.0 = Release|Any CPU
		{85DC7018-8ED2-4A49-8434-FA2CEF91E5A5}.Release|x86.ActiveCfg = Release|Any CPU
		{85DC7018-8ED2-4A49-8434-FA2CEF91E5A5}.Release|x86.Build.0 = Release|Any CPU
		{57F3D859-AF1C-412A-BD81-8DD4939BBB75}.Debug|Any CPU.ActiveCfg = Debug|Any CPU
		{57F3D859-AF1C-412A-BD81-8DD4939BBB75}.Debug|Any CPU.Build.0 = Debug|Any CPU
		{57F3D859-AF1C-412A-BD81-8DD4939BBB75}.Debug|x64.ActiveCfg = Debug|Any CPU
		{57F3D859-AF1C-412A-BD81-8DD4939BBB75}.Debug|x64.Build.0 = Debug|Any CPU
		{57F3D859-AF1C-412A-BD81-8DD4939BBB75}.Debug|x86.ActiveCfg = Debug|Any CPU
		{57F3D859-AF1C-412A-BD81-8DD4939BBB75}.Debug|x86.Build.0 = Debug|Any CPU
		{57F3D859-AF1C-412A-BD81-8DD4939BBB75}.Release|Any CPU.ActiveCfg = Release|Any CPU
		{57F3D859-AF1C-412A-BD81-8DD4939BBB75}.Release|Any CPU.Build.0 = Release|Any CPU
		{57F3D859-AF1C-412A-BD81-8DD4939BBB75}.Release|x64.ActiveCfg = Release|Any CPU
		{57F3D859-AF1C-412A-BD81-8DD4939BBB75}.Release|x64.Build.0 = Release|Any CPU
		{57F3D859-AF1C-412A-BD81-8DD4939BBB75}.Release|x86.ActiveCfg = Release|Any CPU
		{57F3D859-AF1C-412A-BD81-8DD4939BBB75}.Release|x86.Build.0 = Release|Any CPU
		{2FA0B442-3324-4447-977F-778C8F9BB3E8}.Debug|Any CPU.ActiveCfg = Debug|Any CPU
		{2FA0B442-3324-4447-977F-778C8F9BB3E8}.Debug|Any CPU.Build.0 = Debug|Any CPU
		{2FA0B442-3324-4447-977F-778C8F9BB3E8}.Debug|x64.ActiveCfg = Debug|Any CPU
		{2FA0B442-3324-4447-977F-778C8F9BB3E8}.Debug|x64.Build.0 = Debug|Any CPU
		{2FA0B442-3324-4447-977F-778C8F9BB3E8}.Debug|x86.ActiveCfg = Debug|Any CPU
		{2FA0B442-3324-4447-977F-778C8F9BB3E8}.Debug|x86.Build.0 = Debug|Any CPU
		{2FA0B442-3324-4447-977F-778C8F9BB3E8}.Release|Any CPU.ActiveCfg = Release|Any CPU
		{2FA0B442-3324-4447-977F-778C8F9BB3E8}.Release|Any CPU.Build.0 = Release|Any CPU
		{2FA0B442-3324-4447-977F-778C8F9BB3E8}.Release|x64.ActiveCfg = Release|Any CPU
		{2FA0B442-3324-4447-977F-778C8F9BB3E8}.Release|x64.Build.0 = Release|Any CPU
		{2FA0B442-3324-4447-977F-778C8F9BB3E8}.Release|x86.ActiveCfg = Release|Any CPU
		{2FA0B442-3324-4447-977F-778C8F9BB3E8}.Release|x86.Build.0 = Release|Any CPU
		{1A0C8745-7B11-4CF0-A199-560342E24992}.Debug|Any CPU.ActiveCfg = Debug|Any CPU
		{1A0C8745-7B11-4CF0-A199-560342E24992}.Debug|Any CPU.Build.0 = Debug|Any CPU
		{1A0C8745-7B11-4CF0-A199-560342E24992}.Debug|x64.ActiveCfg = Debug|Any CPU
		{1A0C8745-7B11-4CF0-A199-560342E24992}.Debug|x64.Build.0 = Debug|Any CPU
		{1A0C8745-7B11-4CF0-A199-560342E24992}.Debug|x86.ActiveCfg = Debug|Any CPU
		{1A0C8745-7B11-4CF0-A199-560342E24992}.Debug|x86.Build.0 = Debug|Any CPU
		{1A0C8745-7B11-4CF0-A199-560342E24992}.Release|Any CPU.ActiveCfg = Release|Any CPU
		{1A0C8745-7B11-4CF0-A199-560342E24992}.Release|Any CPU.Build.0 = Release|Any CPU
		{1A0C8745-7B11-4CF0-A199-560342E24992}.Release|x64.ActiveCfg = Release|Any CPU
		{1A0C8745-7B11-4CF0-A199-560342E24992}.Release|x64.Build.0 = Release|Any CPU
		{1A0C8745-7B11-4CF0-A199-560342E24992}.Release|x86.ActiveCfg = Release|Any CPU
		{1A0C8745-7B11-4CF0-A199-560342E24992}.Release|x86.Build.0 = Release|Any CPU
		{2D74D4BC-8CC1-4FD6-9972-25E072FC2A39}.Debug|Any CPU.ActiveCfg = Debug|Any CPU
		{2D74D4BC-8CC1-4FD6-9972-25E072FC2A39}.Debug|Any CPU.Build.0 = Debug|Any CPU
		{2D74D4BC-8CC1-4FD6-9972-25E072FC2A39}.Debug|x64.ActiveCfg = Debug|Any CPU
		{2D74D4BC-8CC1-4FD6-9972-25E072FC2A39}.Debug|x64.Build.0 = Debug|Any CPU
		{2D74D4BC-8CC1-4FD6-9972-25E072FC2A39}.Debug|x86.ActiveCfg = Debug|Any CPU
		{2D74D4BC-8CC1-4FD6-9972-25E072FC2A39}.Debug|x86.Build.0 = Debug|Any CPU
		{2D74D4BC-8CC1-4FD6-9972-25E072FC2A39}.Release|Any CPU.ActiveCfg = Release|Any CPU
		{2D74D4BC-8CC1-4FD6-9972-25E072FC2A39}.Release|Any CPU.Build.0 = Release|Any CPU
		{2D74D4BC-8CC1-4FD6-9972-25E072FC2A39}.Release|x64.ActiveCfg = Release|Any CPU
		{2D74D4BC-8CC1-4FD6-9972-25E072FC2A39}.Release|x64.Build.0 = Release|Any CPU
		{2D74D4BC-8CC1-4FD6-9972-25E072FC2A39}.Release|x86.ActiveCfg = Release|Any CPU
		{2D74D4BC-8CC1-4FD6-9972-25E072FC2A39}.Release|x86.Build.0 = Release|Any CPU
		{DD923FE3-ABE1-4623-8709-31FB0AA8E3FA}.Debug|Any CPU.ActiveCfg = Debug|Any CPU
		{DD923FE3-ABE1-4623-8709-31FB0AA8E3FA}.Debug|Any CPU.Build.0 = Debug|Any CPU
		{DD923FE3-ABE1-4623-8709-31FB0AA8E3FA}.Debug|x64.ActiveCfg = Debug|Any CPU
		{DD923FE3-ABE1-4623-8709-31FB0AA8E3FA}.Debug|x64.Build.0 = Debug|Any CPU
		{DD923FE3-ABE1-4623-8709-31FB0AA8E3FA}.Debug|x86.ActiveCfg = Debug|Any CPU
		{DD923FE3-ABE1-4623-8709-31FB0AA8E3FA}.Debug|x86.Build.0 = Debug|Any CPU
		{DD923FE3-ABE1-4623-8709-31FB0AA8E3FA}.Release|Any CPU.ActiveCfg = Release|Any CPU
		{DD923FE3-ABE1-4623-8709-31FB0AA8E3FA}.Release|Any CPU.Build.0 = Release|Any CPU
		{DD923FE3-ABE1-4623-8709-31FB0AA8E3FA}.Release|x64.ActiveCfg = Release|Any CPU
		{DD923FE3-ABE1-4623-8709-31FB0AA8E3FA}.Release|x64.Build.0 = Release|Any CPU
		{DD923FE3-ABE1-4623-8709-31FB0AA8E3FA}.Release|x86.ActiveCfg = Release|Any CPU
		{DD923FE3-ABE1-4623-8709-31FB0AA8E3FA}.Release|x86.Build.0 = Release|Any CPU
		{97C1A253-9531-48F4-903D-A762121CD538}.Debug|Any CPU.ActiveCfg = Debug|Any CPU
		{97C1A253-9531-48F4-903D-A762121CD538}.Debug|Any CPU.Build.0 = Debug|Any CPU
		{97C1A253-9531-48F4-903D-A762121CD538}.Debug|x64.ActiveCfg = Debug|Any CPU
		{97C1A253-9531-48F4-903D-A762121CD538}.Debug|x64.Build.0 = Debug|Any CPU
		{97C1A253-9531-48F4-903D-A762121CD538}.Debug|x86.ActiveCfg = Debug|Any CPU
		{97C1A253-9531-48F4-903D-A762121CD538}.Debug|x86.Build.0 = Debug|Any CPU
		{97C1A253-9531-48F4-903D-A762121CD538}.Release|Any CPU.ActiveCfg = Release|Any CPU
		{97C1A253-9531-48F4-903D-A762121CD538}.Release|Any CPU.Build.0 = Release|Any CPU
		{97C1A253-9531-48F4-903D-A762121CD538}.Release|x64.ActiveCfg = Release|Any CPU
		{97C1A253-9531-48F4-903D-A762121CD538}.Release|x64.Build.0 = Release|Any CPU
		{97C1A253-9531-48F4-903D-A762121CD538}.Release|x86.ActiveCfg = Release|Any CPU
		{97C1A253-9531-48F4-903D-A762121CD538}.Release|x86.Build.0 = Release|Any CPU
		{9F33D843-169E-486A-BA25-5A885194F14C}.Debug|Any CPU.ActiveCfg = Debug|Any CPU
		{9F33D843-169E-486A-BA25-5A885194F14C}.Debug|Any CPU.Build.0 = Debug|Any CPU
		{9F33D843-169E-486A-BA25-5A885194F14C}.Debug|x64.ActiveCfg = Debug|Any CPU
		{9F33D843-169E-486A-BA25-5A885194F14C}.Debug|x64.Build.0 = Debug|Any CPU
		{9F33D843-169E-486A-BA25-5A885194F14C}.Debug|x86.ActiveCfg = Debug|Any CPU
		{9F33D843-169E-486A-BA25-5A885194F14C}.Debug|x86.Build.0 = Debug|Any CPU
		{9F33D843-169E-486A-BA25-5A885194F14C}.Release|Any CPU.ActiveCfg = Release|Any CPU
		{9F33D843-169E-486A-BA25-5A885194F14C}.Release|Any CPU.Build.0 = Release|Any CPU
		{9F33D843-169E-486A-BA25-5A885194F14C}.Release|x64.ActiveCfg = Release|Any CPU
		{9F33D843-169E-486A-BA25-5A885194F14C}.Release|x64.Build.0 = Release|Any CPU
		{9F33D843-169E-486A-BA25-5A885194F14C}.Release|x86.ActiveCfg = Release|Any CPU
		{9F33D843-169E-486A-BA25-5A885194F14C}.Release|x86.Build.0 = Release|Any CPU
		{453B6D9B-0C8B-4D8D-A708-F625EAB3DC5D}.Debug|Any CPU.ActiveCfg = Debug|Any CPU
		{453B6D9B-0C8B-4D8D-A708-F625EAB3DC5D}.Debug|Any CPU.Build.0 = Debug|Any CPU
		{453B6D9B-0C8B-4D8D-A708-F625EAB3DC5D}.Debug|x64.ActiveCfg = Debug|Any CPU
		{453B6D9B-0C8B-4D8D-A708-F625EAB3DC5D}.Debug|x64.Build.0 = Debug|Any CPU
		{453B6D9B-0C8B-4D8D-A708-F625EAB3DC5D}.Debug|x86.ActiveCfg = Debug|Any CPU
		{453B6D9B-0C8B-4D8D-A708-F625EAB3DC5D}.Debug|x86.Build.0 = Debug|Any CPU
		{453B6D9B-0C8B-4D8D-A708-F625EAB3DC5D}.Release|Any CPU.ActiveCfg = Release|Any CPU
		{453B6D9B-0C8B-4D8D-A708-F625EAB3DC5D}.Release|Any CPU.Build.0 = Release|Any CPU
		{453B6D9B-0C8B-4D8D-A708-F625EAB3DC5D}.Release|x64.ActiveCfg = Release|Any CPU
		{453B6D9B-0C8B-4D8D-A708-F625EAB3DC5D}.Release|x64.Build.0 = Release|Any CPU
		{453B6D9B-0C8B-4D8D-A708-F625EAB3DC5D}.Release|x86.ActiveCfg = Release|Any CPU
		{453B6D9B-0C8B-4D8D-A708-F625EAB3DC5D}.Release|x86.Build.0 = Release|Any CPU
		{9279C0E8-4CCC-4A3E-9D00-5F39D6015270}.Debug|Any CPU.ActiveCfg = Debug|Any CPU
		{9279C0E8-4CCC-4A3E-9D00-5F39D6015270}.Debug|Any CPU.Build.0 = Debug|Any CPU
		{9279C0E8-4CCC-4A3E-9D00-5F39D6015270}.Debug|x64.ActiveCfg = Debug|Any CPU
		{9279C0E8-4CCC-4A3E-9D00-5F39D6015270}.Debug|x64.Build.0 = Debug|Any CPU
		{9279C0E8-4CCC-4A3E-9D00-5F39D6015270}.Debug|x86.ActiveCfg = Debug|Any CPU
		{9279C0E8-4CCC-4A3E-9D00-5F39D6015270}.Debug|x86.Build.0 = Debug|Any CPU
		{9279C0E8-4CCC-4A3E-9D00-5F39D6015270}.Release|Any CPU.ActiveCfg = Release|Any CPU
		{9279C0E8-4CCC-4A3E-9D00-5F39D6015270}.Release|Any CPU.Build.0 = Release|Any CPU
		{9279C0E8-4CCC-4A3E-9D00-5F39D6015270}.Release|x64.ActiveCfg = Release|Any CPU
		{9279C0E8-4CCC-4A3E-9D00-5F39D6015270}.Release|x64.Build.0 = Release|Any CPU
		{9279C0E8-4CCC-4A3E-9D00-5F39D6015270}.Release|x86.ActiveCfg = Release|Any CPU
		{9279C0E8-4CCC-4A3E-9D00-5F39D6015270}.Release|x86.Build.0 = Release|Any CPU
	EndGlobalSection
	GlobalSection(SolutionProperties) = preSolution
		HideSolutionNode = FALSE
	EndGlobalSection
	GlobalSection(NestedProjects) = preSolution
		{79DAB21E-1BE3-83A8-08EB-9FEA5E2B7230} = {1CF4DCD6-1BB2-B486-BF33-8EE28CDDD119}
		{57F3D859-AF1C-412A-BD81-8DD4939BBB75} = {79DAB21E-1BE3-83A8-08EB-9FEA5E2B7230}
		{D4B41420-3BF7-FA64-D424-60B5D70C90A5} = {1CF4DCD6-1BB2-B486-BF33-8EE28CDDD119}
		{ED704C6F-6BDD-030D-7D0B-90F81C8D120C} = {D4B41420-3BF7-FA64-D424-60B5D70C90A5}
		{2FA0B442-3324-4447-977F-778C8F9BB3E8} = {ED704C6F-6BDD-030D-7D0B-90F81C8D120C}
		{625FB91F-A765-D49C-17F6-CAAAD72E3D64} = {D4B41420-3BF7-FA64-D424-60B5D70C90A5}
		{1A0C8745-7B11-4CF0-A199-560342E24992} = {625FB91F-A765-D49C-17F6-CAAAD72E3D64}
		{5AAA0D30-A846-2A08-1551-419D42EFA440} = {1CF4DCD6-1BB2-B486-BF33-8EE28CDDD119}
		{E7565E76-653F-429B-7BCB-AA8315971C02} = {5AAA0D30-A846-2A08-1551-419D42EFA440}
		{2D74D4BC-8CC1-4FD6-9972-25E072FC2A39} = {E7565E76-653F-429B-7BCB-AA8315971C02}
		{0816E322-5627-87E1-5C38-40A08FAD49F2} = {5AAA0D30-A846-2A08-1551-419D42EFA440}
		{DD923FE3-ABE1-4623-8709-31FB0AA8E3FA} = {0816E322-5627-87E1-5C38-40A08FAD49F2}
		{8CF8DE3A-F8DE-892B-2A85-19A05FFF0E75} = {5AAA0D30-A846-2A08-1551-419D42EFA440}
		{97C1A253-9531-48F4-903D-A762121CD538} = {8CF8DE3A-F8DE-892B-2A85-19A05FFF0E75}
		{92FED7E2-AFEF-86DB-02A7-849144ABDCF7} = {1CF4DCD6-1BB2-B486-BF33-8EE28CDDD119}
		{75513DD6-205C-61A2-9877-AE33C6C792A5} = {92FED7E2-AFEF-86DB-02A7-849144ABDCF7}
		{9F33D843-169E-486A-BA25-5A885194F14C} = {75513DD6-205C-61A2-9877-AE33C6C792A5}
		{AF25785D-015A-B8A6-03F2-3391E0023E78} = {92FED7E2-AFEF-86DB-02A7-849144ABDCF7}
		{453B6D9B-0C8B-4D8D-A708-F625EAB3DC5D} = {AF25785D-015A-B8A6-03F2-3391E0023E78}
		{954F795E-2C0F-BDF7-063D-F0BD18D8F75C} = {92FED7E2-AFEF-86DB-02A7-849144ABDCF7}
		{9279C0E8-4CCC-4A3E-9D00-5F39D6015270} = {954F795E-2C0F-BDF7-063D-F0BD18D8F75C}
	EndGlobalSection
	GlobalSection(ExtensibilityGlobals) = postSolution
		SolutionGuid = {41CFEA56-F5ED-421F-A3E7-C2593EF11454}
	EndGlobalSection
EndGlobal
